
Microsoft Visual Studio Solution File, Format Version 12.00
# Visual Studio Version 17
VisualStudioVersion = 17.1.32210.238
MinimumVisualStudioVersion = 10.0.40219.1
Project("{FAE04EC0-301F-11D3-BF4B-00C04F79EFBC}") = "ClassLibrary1", "ClassLibrary1\ClassLibrary1.csproj", "{528F529E-FE3D-45B7-9D65-F685AEAAE96F}"
EndProject
Project("{FAE04EC0-301F-11D3-BF4B-00C04F79EFBC}") = "SpecFlowProject1", "SpecFlowProject1\SpecFlowProject1.csproj", "{7ECB08F3-140A-4E73-BA16-2D17B71E41A0}"
EndProject
Global
	GlobalSection(SolutionConfigurationPlatforms) = preSolution
		Debug|Any CPU = Debug|Any CPU
		Release|Any CPU = Release|Any CPU
	EndGlobalSection
	GlobalSection(ProjectConfigurationPlatforms) = postSolution
		{528F529E-FE3D-45B7-9D65-F685AEAAE96F}.Debug|Any CPU.ActiveCfg = Debug|Any CPU
		{528F529E-FE3D-45B7-9D65-F685AEAAE96F}.Debug|Any CPU.Build.0 = Debug|Any CPU
		{528F529E-FE3D-45B7-9D65-F685AEAAE96F}.Release|Any CPU.ActiveCfg = Release|Any CPU
		{528F529E-FE3D-45B7-9D65-F685AEAAE96F}.Release|Any CPU.Build.0 = Release|Any CPU
		{7ECB08F3-140A-4E73-BA16-2D17B71E41A0}.Debug|Any CPU.ActiveCfg = Debug|Any CPU
		{7ECB08F3-140A-4E73-BA16-2D17B71E41A0}.Debug|Any CPU.Build.0 = Debug|Any CPU
		{7ECB08F3-140A-4E73-BA16-2D17B71E41A0}.Release|Any CPU.ActiveCfg = Release|Any CPU
		{7ECB08F3-140A-4E73-BA16-2D17B71E41A0}.Release|Any CPU.Build.0 = Release|Any CPU
	EndGlobalSection
	GlobalSection(SolutionProperties) = preSolution
		HideSolutionNode = FALSE
	EndGlobalSection
	GlobalSection(ExtensibilityGlobals) = postSolution
		SolutionGuid = {B5B5D583-D363-447B-B0E1-5CE0779E9F30}
	EndGlobalSection
EndGlobal
